
Microsoft Visual Studio Solution File, Format Version 12.00
# Visual Studio Version 17
VisualStudioVersion = 17.7.34031.279
MinimumVisualStudioVersion = 10.0.40219.1
Project("{8BC9CEB8-8B4A-11D0-8D11-00A0C91BC942}") = "RangedLoop", "RangedLoop\RangedLoop.vcxproj", "{144D5CDA-90AC-4AC7-8D81-C142E84BBFF8}"
EndProject
Project("{8BC9CEB8-8B4A-11D0-8D11-00A0C91BC942}") = "TernaryOperator", "ConsoleApplication1\ConsoleApplication1.vcxproj", "{4C9AF361-8D48-4110-8136-508E5B269882}"
EndProject
Project("{8BC9CEB8-8B4A-11D0-8D11-00A0C91BC942}") = "ValidateNumber", "ValidateNumber\ValidateNumber.vcxproj", "{2FE8A7EA-CEF3-49FD-BBF1-933C527FE61A}"
EndProject
Project("{8BC9CEB8-8B4A-11D0-8D11-00A0C91BC942}") = "DefaultParameters", "DefaultParameters\DefaultParameters.vcxproj", "{FAE0F805-3866-4EE2-8DA7-C57E880E57FC}"
EndProject
Project("{8BC9CEB8-8B4A-11D0-8D11-00A0C91BC942}") = "Recursion", "Recursion\Recursion.vcxproj", "{EC167728-92E9-40BD-922A-390F6559A1FE}"
EndProject
Project("{8BC9CEB8-8B4A-11D0-8D11-00A0C91BC942}") = "Formatting", "Formatting\Formatting.vcxproj", "{51EC9AB8-0084-4B5E-BD8D-14A10C94039F}"
EndProject
Project("{8BC9CEB8-8B4A-11D0-8D11-00A0C91BC942}") = "TwoDimensionalArray", "TwoDimensionalArray\TwoDimensionalArray.vcxproj", "{87A24D73-EEDF-4A6E-A6BB-1EB32F5C4779}"
EndProject
Project("{8BC9CEB8-8B4A-11D0-8D11-00A0C91BC942}") = "TwoDimensionalArrayHomeWork", "TwoDimensionalArrayHomeWork\TwoDimensionalArrayHomeWork.vcxproj", "{446D32A2-BF71-4759-BA2B-56C26EB640DC}"
EndProject
Project("{8BC9CEB8-8B4A-11D0-8D11-00A0C91BC942}") = "Vectors", "Vectors\Vectors.vcxproj", "{7BA7B602-C700-41AA-9F64-1528C8321898}"
EndProject
Project("{8BC9CEB8-8B4A-11D0-8D11-00A0C91BC942}") = "AddingToVectors", "AddingToVectors\AddingToVectors.vcxproj", "{CB4B5466-CB6F-4C15-9406-D23F66FAF8BF}"
EndProject
Project("{8BC9CEB8-8B4A-11D0-8D11-00A0C91BC942}") = "VectorOfStructures", "VectorOfStructures\VectorOfStructures.vcxproj", "{02C58A57-1D61-4E37-9D36-7A1D0DE087D3}"
EndProject
Project("{8BC9CEB8-8B4A-11D0-8D11-00A0C91BC942}") = "VectorOfStructuresHomework", "VectorOfStructuresHomework\VectorOfStructuresHomework.vcxproj", "{516A6795-8906-4EAC-8339-1E6DB5A89D75}"
EndProject
Project("{8BC9CEB8-8B4A-11D0-8D11-00A0C91BC942}") = "VectorPopAndFunctions", "VectorPopAndFunctions\VectorPopAndFunctions.vcxproj", "{FA435043-9BB2-4A2E-9F9D-4EC895AA00AC}"
EndProject
Project("{8BC9CEB8-8B4A-11D0-8D11-00A0C91BC942}") = "IntroductionPointer", "IntroductionPointer\IntroductionPointer.vcxproj", "{6AD74851-D8C6-4284-B9E3-DC7544415E15}"
EndProject
Project("{8BC9CEB8-8B4A-11D0-8D11-00A0C91BC942}") = "DereferencingPointer", "DereferencingPointer\DereferencingPointer.vcxproj", "{3252A14B-304D-42EB-9E6F-896C3CAABD9D}"
EndProject
Global
	GlobalSection(SolutionConfigurationPlatforms) = preSolution
		Debug|x64 = Debug|x64
		Debug|x86 = Debug|x86
		Release|x64 = Release|x64
		Release|x86 = Release|x86
	EndGlobalSection
	GlobalSection(ProjectConfigurationPlatforms) = postSolution
		{144D5CDA-90AC-4AC7-8D81-C142E84BBFF8}.Debug|x64.ActiveCfg = Debug|x64
		{144D5CDA-90AC-4AC7-8D81-C142E84BBFF8}.Debug|x64.Build.0 = Debug|x64
		{144D5CDA-90AC-4AC7-8D81-C142E84BBFF8}.Debug|x86.ActiveCfg = Debug|Win32
		{144D5CDA-90AC-4AC7-8D81-C142E84BBFF8}.Debug|x86.Build.0 = Debug|Win32
		{144D5CDA-90AC-4AC7-8D81-C142E84BBFF8}.Release|x64.ActiveCfg = Release|x64
		{144D5CDA-90AC-4AC7-8D81-C142E84BBFF8}.Release|x64.Build.0 = Release|x64
		{144D5CDA-90AC-4AC7-8D81-C142E84BBFF8}.Release|x86.ActiveCfg = Release|Win32
		{144D5CDA-90AC-4AC7-8D81-C142E84BBFF8}.Release|x86.Build.0 = Release|Win32
		{4C9AF361-8D48-4110-8136-508E5B269882}.Debug|x64.ActiveCfg = Debug|x64
		{4C9AF361-8D48-4110-8136-508E5B269882}.Debug|x64.Build.0 = Debug|x64
		{4C9AF361-8D48-4110-8136-508E5B269882}.Debug|x86.ActiveCfg = Debug|Win32
		{4C9AF361-8D48-4110-8136-508E5B269882}.Debug|x86.Build.0 = Debug|Win32
		{4C9AF361-8D48-4110-8136-508E5B269882}.Release|x64.ActiveCfg = Release|x64
		{4C9AF361-8D48-4110-8136-508E5B269882}.Release|x64.Build.0 = Release|x64
		{4C9AF361-8D48-4110-8136-508E5B269882}.Release|x86.ActiveCfg = Release|Win32
		{4C9AF361-8D48-4110-8136-508E5B269882}.Release|x86.Build.0 = Release|Win32
		{2FE8A7EA-CEF3-49FD-BBF1-933C527FE61A}.Debug|x64.ActiveCfg = Debug|x64
		{2FE8A7EA-CEF3-49FD-BBF1-933C527FE61A}.Debug|x64.Build.0 = Debug|x64
		{2FE8A7EA-CEF3-49FD-BBF1-933C527FE61A}.Debug|x86.ActiveCfg = Debug|Win32
		{2FE8A7EA-CEF3-49FD-BBF1-933C527FE61A}.Debug|x86.Build.0 = Debug|Win32
		{2FE8A7EA-CEF3-49FD-BBF1-933C527FE61A}.Release|x64.ActiveCfg = Release|x64
		{2FE8A7EA-CEF3-49FD-BBF1-933C527FE61A}.Release|x64.Build.0 = Release|x64
		{2FE8A7EA-CEF3-49FD-BBF1-933C527FE61A}.Release|x86.ActiveCfg = Release|Win32
		{2FE8A7EA-CEF3-49FD-BBF1-933C527FE61A}.Release|x86.Build.0 = Release|Win32
		{FAE0F805-3866-4EE2-8DA7-C57E880E57FC}.Debug|x64.ActiveCfg = Debug|x64
		{FAE0F805-3866-4EE2-8DA7-C57E880E57FC}.Debug|x64.Build.0 = Debug|x64
		{FAE0F805-3866-4EE2-8DA7-C57E880E57FC}.Debug|x86.ActiveCfg = Debug|Win32
		{FAE0F805-3866-4EE2-8DA7-C57E880E57FC}.Debug|x86.Build.0 = Debug|Win32
		{FAE0F805-3866-4EE2-8DA7-C57E880E57FC}.Release|x64.ActiveCfg = Release|x64
		{FAE0F805-3866-4EE2-8DA7-C57E880E57FC}.Release|x64.Build.0 = Release|x64
		{FAE0F805-3866-4EE2-8DA7-C57E880E57FC}.Release|x86.ActiveCfg = Release|Win32
		{FAE0F805-3866-4EE2-8DA7-C57E880E57FC}.Release|x86.Build.0 = Release|Win32
		{EC167728-92E9-40BD-922A-390F6559A1FE}.Debug|x64.ActiveCfg = Debug|x64
		{EC167728-92E9-40BD-922A-390F6559A1FE}.Debug|x64.Build.0 = Debug|x64
		{EC167728-92E9-40BD-922A-390F6559A1FE}.Debug|x86.ActiveCfg = Debug|Win32
		{EC167728-92E9-40BD-922A-390F6559A1FE}.Debug|x86.Build.0 = Debug|Win32
		{EC167728-92E9-40BD-922A-390F6559A1FE}.Release|x64.ActiveCfg = Release|x64
		{EC167728-92E9-40BD-922A-390F6559A1FE}.Release|x64.Build.0 = Release|x64
		{EC167728-92E9-40BD-922A-390F6559A1FE}.Release|x86.ActiveCfg = Release|Win32
		{EC167728-92E9-40BD-922A-390F6559A1FE}.Release|x86.Build.0 = Release|Win32
		{51EC9AB8-0084-4B5E-BD8D-14A10C94039F}.Debug|x64.ActiveCfg = Debug|x64
		{51EC9AB8-0084-4B5E-BD8D-14A10C94039F}.Debug|x64.Build.0 = Debug|x64
		{51EC9AB8-0084-4B5E-BD8D-14A10C94039F}.Debug|x86.ActiveCfg = Debug|Win32
		{51EC9AB8-0084-4B5E-BD8D-14A10C94039F}.Debug|x86.Build.0 = Debug|Win32
		{51EC9AB8-0084-4B5E-BD8D-14A10C94039F}.Release|x64.ActiveCfg = Release|x64
		{51EC9AB8-0084-4B5E-BD8D-14A10C94039F}.Release|x64.Build.0 = Release|x64
		{51EC9AB8-0084-4B5E-BD8D-14A10C94039F}.Release|x86.ActiveCfg = Release|Win32
		{51EC9AB8-0084-4B5E-BD8D-14A10C94039F}.Release|x86.Build.0 = Release|Win32
		{87A24D73-EEDF-4A6E-A6BB-1EB32F5C4779}.Debug|x64.ActiveCfg = Debug|x64
		{87A24D73-EEDF-4A6E-A6BB-1EB32F5C4779}.Debug|x64.Build.0 = Debug|x64
		{87A24D73-EEDF-4A6E-A6BB-1EB32F5C4779}.Debug|x86.ActiveCfg = Debug|Win32
		{87A24D73-EEDF-4A6E-A6BB-1EB32F5C4779}.Debug|x86.Build.0 = Debug|Win32
		{87A24D73-EEDF-4A6E-A6BB-1EB32F5C4779}.Release|x64.ActiveCfg = Release|x64
		{87A24D73-EEDF-4A6E-A6BB-1EB32F5C4779}.Release|x64.Build.0 = Release|x64
		{87A24D73-EEDF-4A6E-A6BB-1EB32F5C4779}.Release|x86.ActiveCfg = Release|Win32
		{87A24D73-EEDF-4A6E-A6BB-1EB32F5C4779}.Release|x86.Build.0 = Release|Win32
		{446D32A2-BF71-4759-BA2B-56C26EB640DC}.Debug|x64.ActiveCfg = Debug|x64
		{446D32A2-BF71-4759-BA2B-56C26EB640DC}.Debug|x64.Build.0 = Debug|x64
		{446D32A2-BF71-4759-BA2B-56C26EB640DC}.Debug|x86.ActiveCfg = Debug|Win32
		{446D32A2-BF71-4759-BA2B-56C26EB640DC}.Debug|x86.Build.0 = Debug|Win32
		{446D32A2-BF71-4759-BA2B-56C26EB640DC}.Release|x64.ActiveCfg = Release|x64
		{446D32A2-BF71-4759-BA2B-56C26EB640DC}.Release|x64.Build.0 = Release|x64
		{446D32A2-BF71-4759-BA2B-56C26EB640DC}.Release|x86.ActiveCfg = Release|Win32
		{446D32A2-BF71-4759-BA2B-56C26EB640DC}.Release|x86.Build.0 = Release|Win32
		{7BA7B602-C700-41AA-9F64-1528C8321898}.Debug|x64.ActiveCfg = Debug|x64
		{7BA7B602-C700-41AA-9F64-1528C8321898}.Debug|x64.Build.0 = Debug|x64
		{7BA7B602-C700-41AA-9F64-1528C8321898}.Debug|x86.ActiveCfg = Debug|Win32
		{7BA7B602-C700-41AA-9F64-1528C8321898}.Debug|x86.Build.0 = Debug|Win32
		{7BA7B602-C700-41AA-9F64-1528C8321898}.Release|x64.ActiveCfg = Release|x64
		{7BA7B602-C700-41AA-9F64-1528C8321898}.Release|x64.Build.0 = Release|x64
		{7BA7B602-C700-41AA-9F64-1528C8321898}.Release|x86.ActiveCfg = Release|Win32
		{7BA7B602-C700-41AA-9F64-1528C8321898}.Release|x86.Build.0 = Release|Win32
		{CB4B5466-CB6F-4C15-9406-D23F66FAF8BF}.Debug|x64.ActiveCfg = Debug|x64
		{CB4B5466-CB6F-4C15-9406-D23F66FAF8BF}.Debug|x64.Build.0 = Debug|x64
		{CB4B5466-CB6F-4C15-9406-D23F66FAF8BF}.Debug|x86.ActiveCfg = Debug|Win32
		{CB4B5466-CB6F-4C15-9406-D23F66FAF8BF}.Debug|x86.Build.0 = Debug|Win32
		{CB4B5466-CB6F-4C15-9406-D23F66FAF8BF}.Release|x64.ActiveCfg = Release|x64
		{CB4B5466-CB6F-4C15-9406-D23F66FAF8BF}.Release|x64.Build.0 = Release|x64
		{CB4B5466-CB6F-4C15-9406-D23F66FAF8BF}.Release|x86.ActiveCfg = Release|Win32
		{CB4B5466-CB6F-4C15-9406-D23F66FAF8BF}.Release|x86.Build.0 = Release|Win32
		{02C58A57-1D61-4E37-9D36-7A1D0DE087D3}.Debug|x64.ActiveCfg = Debug|x64
		{02C58A57-1D61-4E37-9D36-7A1D0DE087D3}.Debug|x64.Build.0 = Debug|x64
		{02C58A57-1D61-4E37-9D36-7A1D0DE087D3}.Debug|x86.ActiveCfg = Debug|Win32
		{02C58A57-1D61-4E37-9D36-7A1D0DE087D3}.Debug|x86.Build.0 = Debug|Win32
		{02C58A57-1D61-4E37-9D36-7A1D0DE087D3}.Release|x64.ActiveCfg = Release|x64
		{02C58A57-1D61-4E37-9D36-7A1D0DE087D3}.Release|x64.Build.0 = Release|x64
		{02C58A57-1D61-4E37-9D36-7A1D0DE087D3}.Release|x86.ActiveCfg = Release|Win32
		{02C58A57-1D61-4E37-9D36-7A1D0DE087D3}.Release|x86.Build.0 = Release|Win32
		{516A6795-8906-4EAC-8339-1E6DB5A89D75}.Debug|x64.ActiveCfg = Debug|x64
		{516A6795-8906-4EAC-8339-1E6DB5A89D75}.Debug|x64.Build.0 = Debug|x64
		{516A6795-8906-4EAC-8339-1E6DB5A89D75}.Debug|x86.ActiveCfg = Debug|Win32
		{516A6795-8906-4EAC-8339-1E6DB5A89D75}.Debug|x86.Build.0 = Debug|Win32
		{516A6795-8906-4EAC-8339-1E6DB5A89D75}.Release|x64.ActiveCfg = Release|x64
		{516A6795-8906-4EAC-8339-1E6DB5A89D75}.Release|x64.Build.0 = Release|x64
		{516A6795-8906-4EAC-8339-1E6DB5A89D75}.Release|x86.ActiveCfg = Release|Win32
		{516A6795-8906-4EAC-8339-1E6DB5A89D75}.Release|x86.Build.0 = Release|Win32
		{FA435043-9BB2-4A2E-9F9D-4EC895AA00AC}.Debug|x64.ActiveCfg = Debug|x64
		{FA435043-9BB2-4A2E-9F9D-4EC895AA00AC}.Debug|x64.Build.0 = Debug|x64
		{FA435043-9BB2-4A2E-9F9D-4EC895AA00AC}.Debug|x86.ActiveCfg = Debug|Win32
		{FA435043-9BB2-4A2E-9F9D-4EC895AA00AC}.Debug|x86.Build.0 = Debug|Win32
		{FA435043-9BB2-4A2E-9F9D-4EC895AA00AC}.Release|x64.ActiveCfg = Release|x64
		{FA435043-9BB2-4A2E-9F9D-4EC895AA00AC}.Release|x64.Build.0 = Release|x64
		{FA435043-9BB2-4A2E-9F9D-4EC895AA00AC}.Release|x86.ActiveCfg = Release|Win32
		{FA435043-9BB2-4A2E-9F9D-4EC895AA00AC}.Release|x86.Build.0 = Release|Win32
		{6AD74851-D8C6-4284-B9E3-DC7544415E15}.Debug|x64.ActiveCfg = Debug|x64
		{6AD74851-D8C6-4284-B9E3-DC7544415E15}.Debug|x64.Build.0 = Debug|x64
		{6AD74851-D8C6-4284-B9E3-DC7544415E15}.Debug|x86.ActiveCfg = Debug|Win32
		{6AD74851-D8C6-4284-B9E3-DC7544415E15}.Debug|x86.Build.0 = Debug|Win32
		{6AD74851-D8C6-4284-B9E3-DC7544415E15}.Release|x64.ActiveCfg = Release|x64
		{6AD74851-D8C6-4284-B9E3-DC7544415E15}.Release|x64.Build.0 = Release|x64
		{6AD74851-D8C6-4284-B9E3-DC7544415E15}.Release|x86.ActiveCfg = Release|Win32
		{6AD74851-D8C6-4284-B9E3-DC7544415E15}.Release|x86.Build.0 = Release|Win32
		{3252A14B-304D-42EB-9E6F-896C3CAABD9D}.Debug|x64.ActiveCfg = Debug|x64
		{3252A14B-304D-42EB-9E6F-896C3CAABD9D}.Debug|x64.Build.0 = Debug|x64
		{3252A14B-304D-42EB-9E6F-896C3CAABD9D}.Debug|x86.ActiveCfg = Debug|Win32
		{3252A14B-304D-42EB-9E6F-896C3CAABD9D}.Debug|x86.Build.0 = Debug|Win32
		{3252A14B-304D-42EB-9E6F-896C3CAABD9D}.Release|x64.ActiveCfg = Release|x64
		{3252A14B-304D-42EB-9E6F-896C3CAABD9D}.Release|x64.Build.0 = Release|x64
		{3252A14B-304D-42EB-9E6F-896C3CAABD9D}.Release|x86.ActiveCfg = Release|Win32
		{3252A14B-304D-42EB-9E6F-896C3CAABD9D}.Release|x86.Build.0 = Release|Win32
	EndGlobalSection
	GlobalSection(SolutionProperties) = preSolution
		HideSolutionNode = FALSE
	EndGlobalSection
	GlobalSection(ExtensibilityGlobals) = postSolution
		SolutionGuid = {648FF1B9-32AD-432E-ABBF-7BADFF363D1D}
	EndGlobalSection
EndGlobal
